
Microsoft Visual Studio Solution File, Format Version 12.00
# Visual Studio Version 17
VisualStudioVersion = 17.14.36623.8
MinimumVisualStudioVersion = 10.0.40219.1
Project("{FAE04EC0-301F-11D3-BF4B-00C04F79EFBC}") = "Garage", "Garage\Garage.csproj", "{538E9A7D-7130-4217-AC44-F4B388A1DA57}"
EndProject
Project("{FAE04EC0-301F-11D3-BF4B-00C04F79EFBC}") = "Garage.Tests", "Garage.Tests\Garage.Tests.csproj", "{9981D7DB-69A3-4941-829D-334210B76CEA}"
EndProject
Global
	GlobalSection(SolutionConfigurationPlatforms) = preSolution
		Debug|Any CPU = Debug|Any CPU
		Release|Any CPU = Release|Any CPU
	EndGlobalSection
	GlobalSection(ProjectConfigurationPlatforms) = postSolution
		{538E9A7D-7130-4217-AC44-F4B388A1DA57}.Debug|Any CPU.ActiveCfg = Debug|Any CPU
		{538E9A7D-7130-4217-AC44-F4B388A1DA57}.Debug|Any CPU.Build.0 = Debug|Any CPU
		{538E9A7D-7130-4217-AC44-F4B388A1DA57}.Release|Any CPU.ActiveCfg = Release|Any CPU
		{538E9A7D-7130-4217-AC44-F4B388A1DA57}.Release|Any CPU.Build.0 = Release|Any CPU
		{9981D7DB-69A3-4941-829D-334210B76CEA}.Debug|Any CPU.ActiveCfg = Debug|Any CPU
		{9981D7DB-69A3-4941-829D-334210B76CEA}.Debug|Any CPU.Build.0 = Debug|Any CPU
		{9981D7DB-69A3-4941-829D-334210B76CEA}.Release|Any CPU.ActiveCfg = Release|Any CPU
		{9981D7DB-69A3-4941-829D-334210B76CEA}.Release|Any CPU.Build.0 = Release|Any CPU
	EndGlobalSection
	GlobalSection(SolutionProperties) = preSolution
		HideSolutionNode = FALSE
	EndGlobalSection
	GlobalSection(ExtensibilityGlobals) = postSolution
		SolutionGuid = {1CB68E07-DA56-44BF-ACFB-D24691A05091}
	EndGlobalSection
EndGlobal
